// !$*UTF8*$!
{
	archiveVersion = 1;
	classes = {
	};
	objectVersion = 46;
	objects = {

/* Begin PBXBuildFile section */
		0D3044D31DF922AE00874720 /* Folder.swift in Sources */ = {isa = PBXBuildFile; fileRef = 0D3044D21DF922AE00874720 /* Folder.swift */; };
		0D3044D61DF922CE00874720 /* Site.swift in Sources */ = {isa = PBXBuildFile; fileRef = 0D3044D51DF922CE00874720 /* Site.swift */; };
		0DC4A9C51DF951C000C84DC1 /* FolderTableViewCell.swift in Sources */ = {isa = PBXBuildFile; fileRef = 0DC4A9C41DF951C000C84DC1 /* FolderTableViewCell.swift */; };
		0DC4A9C71DF9521900C84DC1 /* SiteTableViewCell.swift in Sources */ = {isa = PBXBuildFile; fileRef = 0DC4A9C61DF9521900C84DC1 /* SiteTableViewCell.swift */; };
		0DDF69531DF91E5A0051C165 /* AppDelegate.swift in Sources */ = {isa = PBXBuildFile; fileRef = 0DDF69521DF91E5A0051C165 /* AppDelegate.swift */; };
		0DDF69551DF91E5A0051C165 /* ViewController.swift in Sources */ = {isa = PBXBuildFile; fileRef = 0DDF69541DF91E5A0051C165 /* ViewController.swift */; };
		0DDF69581DF91E5A0051C165 /* Main.storyboard in Resources */ = {isa = PBXBuildFile; fileRef = 0DDF69561DF91E5A0051C165 /* Main.storyboard */; };
		0DDF695A1DF91E5A0051C165 /* Assets.xcassets in Resources */ = {isa = PBXBuildFile; fileRef = 0DDF69591DF91E5A0051C165 /* Assets.xcassets */; };
		0DDF695D1DF91E5A0051C165 /* LaunchScreen.storyboard in Resources */ = {isa = PBXBuildFile; fileRef = 0DDF695B1DF91E5A0051C165 /* LaunchScreen.storyboard */; };
		0DDF69661DF91F0C0051C165 /* Realm.framework in Frameworks */ = {isa = PBXBuildFile; fileRef = 0DDF69641DF91F0C0051C165 /* Realm.framework */; };
		0DDF69671DF91F0C0051C165 /* Realm.framework in Embed Frameworks */ = {isa = PBXBuildFile; fileRef = 0DDF69641DF91F0C0051C165 /* Realm.framework */; settings = {ATTRIBUTES = (CodeSignOnCopy, RemoveHeadersOnCopy, ); }; };
		0DDF69681DF91F0C0051C165 /* RealmSwift.framework in Frameworks */ = {isa = PBXBuildFile; fileRef = 0DDF69651DF91F0C0051C165 /* RealmSwift.framework */; };
		0DDF69691DF91F0C0051C165 /* RealmSwift.framework in Embed Frameworks */ = {isa = PBXBuildFile; fileRef = 0DDF69651DF91F0C0051C165 /* RealmSwift.framework */; settings = {ATTRIBUTES = (CodeSignOnCopy, RemoveHeadersOnCopy, ); }; };
/* End PBXBuildFile section */

/* Begin PBXCopyFilesBuildPhase section */
		0DDF696A1DF91F0C0051C165 /* Embed Frameworks */ = {
			isa = PBXCopyFilesBuildPhase;
			buildActionMask = 2147483647;
			dstPath = "";
			dstSubfolderSpec = 10;
			files = (
				0DDF69691DF91F0C0051C165 /* RealmSwift.framework in Embed Frameworks */,
				0DDF69671DF91F0C0051C165 /* Realm.framework in Embed Frameworks */,
			);
			name = "Embed Frameworks";
			runOnlyForDeploymentPostprocessing = 0;
		};
/* End PBXCopyFilesBuildPhase section */

/* Begin PBXFileReference section */
		0D3044D21DF922AE00874720 /* Folder.swift */ = {isa = PBXFileReference; fileEncoding = 4; lastKnownFileType = sourcecode.swift; path = Folder.swift; sourceTree = "<group>"; };
		0D3044D51DF922CE00874720 /* Site.swift */ = {isa = PBXFileReference; fileEncoding = 4; lastKnownFileType = sourcecode.swift; path = Site.swift; sourceTree = "<group>"; };
		0DC4A9C41DF951C000C84DC1 /* FolderTableViewCell.swift */ = {isa = PBXFileReference; fileEncoding = 4; lastKnownFileType = sourcecode.swift; path = FolderTableViewCell.swift; sourceTree = "<group>"; };
		0DC4A9C61DF9521900C84DC1 /* SiteTableViewCell.swift */ = {isa = PBXFileReference; fileEncoding = 4; lastKnownFileType = sourcecode.swift; path = SiteTableViewCell.swift; sourceTree = "<group>"; };
		0DDF694F1DF91E5A0051C165 /* Favorab.app */ = {isa = PBXFileReference; explicitFileType = wrapper.application; includeInIndex = 0; path = Favorab.app; sourceTree = BUILT_PRODUCTS_DIR; };
		0DDF69521DF91E5A0051C165 /* AppDelegate.swift */ = {isa = PBXFileReference; lastKnownFileType = sourcecode.swift; path = AppDelegate.swift; sourceTree = "<group>"; };
		0DDF69541DF91E5A0051C165 /* ViewController.swift */ = {isa = PBXFileReference; lastKnownFileType = sourcecode.swift; path = ViewController.swift; sourceTree = "<group>"; };
		0DDF69571DF91E5A0051C165 /* Base */ = {isa = PBXFileReference; lastKnownFileType = file.storyboard; name = Base; path = Base.lproj/Main.storyboard; sourceTree = "<group>"; };
		0DDF69591DF91E5A0051C165 /* Assets.xcassets */ = {isa = PBXFileReference; lastKnownFileType = folder.assetcatalog; path = Assets.xcassets; sourceTree = "<group>"; };
		0DDF695C1DF91E5A0051C165 /* Base */ = {isa = PBXFileReference; lastKnownFileType = file.storyboard; name = Base; path = Base.lproj/LaunchScreen.storyboard; sourceTree = "<group>"; };
		0DDF695E1DF91E5A0051C165 /* Info.plist */ = {isa = PBXFileReference; lastKnownFileType = text.plist.xml; path = Info.plist; sourceTree = "<group>"; };
		0DDF69641DF91F0C0051C165 /* Realm.framework */ = {isa = PBXFileReference; lastKnownFileType = wrapper.framework; path = Realm.framework; sourceTree = "<group>"; };
		0DDF69651DF91F0C0051C165 /* RealmSwift.framework */ = {isa = PBXFileReference; lastKnownFileType = wrapper.framework; path = RealmSwift.framework; sourceTree = "<group>"; };
/* End PBXFileReference section */

/* Begin PBXFrameworksBuildPhase section */
		0DDF694C1DF91E5A0051C165 /* Frameworks */ = {
			isa = PBXFrameworksBuildPhase;
			buildActionMask = 2147483647;
			files = (
				0DDF69681DF91F0C0051C165 /* RealmSwift.framework in Frameworks */,
				0DDF69661DF91F0C0051C165 /* Realm.framework in Frameworks */,
			);
			runOnlyForDeploymentPostprocessing = 0;
		};
/* End PBXFrameworksBuildPhase section */

/* Begin PBXGroup section */
		0D3044D41DF922B400874720 /* RealmModel */ = {
			isa = PBXGroup;
			children = (
				0D3044D21DF922AE00874720 /* Folder.swift */,
				0D3044D51DF922CE00874720 /* Site.swift */,
			);
			name = RealmModel;
			sourceTree = "<group>";
		};
		0DDF69461DF91E5A0051C165 = {
			isa = PBXGroup;
			children = (
				0DDF69641DF91F0C0051C165 /* Realm.framework */,
				0DDF69651DF91F0C0051C165 /* RealmSwift.framework */,
				0DDF69511DF91E5A0051C165 /* Favorab */,
				0DDF69501DF91E5A0051C165 /* Products */,
			);
			sourceTree = "<group>";
		};
		0DDF69501DF91E5A0051C165 /* Products */ = {
			isa = PBXGroup;
			children = (
				0DDF694F1DF91E5A0051C165 /* Favorab.app */,
			);
			name = Products;
			sourceTree = "<group>";
		};
		0DDF69511DF91E5A0051C165 /* Favorab */ = {
			isa = PBXGroup;
			children = (
				0D3044D41DF922B400874720 /* RealmModel */,
				0DDF69521DF91E5A0051C165 /* AppDelegate.swift */,
				0DDF69541DF91E5A0051C165 /* ViewController.swift */,
				0DDF69561DF91E5A0051C165 /* Main.storyboard */,
				0DDF69591DF91E5A0051C165 /* Assets.xcassets */,
				0DDF695B1DF91E5A0051C165 /* LaunchScreen.storyboard */,
				0DDF695E1DF91E5A0051C165 /* Info.plist */,
				0DC4A9C41DF951C000C84DC1 /* FolderTableViewCell.swift */,
				0DC4A9C61DF9521900C84DC1 /* SiteTableViewCell.swift */,
			);
			path = Favorab;
			sourceTree = "<group>";
		};
/* End PBXGroup section */

/* Begin PBXNativeTarget section */
		0DDF694E1DF91E5A0051C165 /* Favorab */ = {
			isa = PBXNativeTarget;
			buildConfigurationList = 0DDF69611DF91E5A0051C165 /* Build configuration list for PBXNativeTarget "Favorab" */;
			buildPhases = (
				0DDF694B1DF91E5A0051C165 /* Sources */,
				0DDF694C1DF91E5A0051C165 /* Frameworks */,
				0DDF694D1DF91E5A0051C165 /* Resources */,
				0DDF696A1DF91F0C0051C165 /* Embed Frameworks */,
				0DDF696B1DF91FD40051C165 /* ShellScript */,
			);
			buildRules = (
			);
			dependencies = (
			);
			name = Favorab;
			productName = Favorab;
			productReference = 0DDF694F1DF91E5A0051C165 /* Favorab.app */;
			productType = "com.apple.product-type.application";
		};
/* End PBXNativeTarget section */

/* Begin PBXProject section */
		0DDF69471DF91E5A0051C165 /* Project object */ = {
			isa = PBXProject;
			attributes = {
				LastSwiftUpdateCheck = 0810;
				LastUpgradeCheck = 0810;
				ORGANIZATIONNAME = HSJ;
				TargetAttributes = {
					0DDF694E1DF91E5A0051C165 = {
						CreatedOnToolsVersion = 8.1;
						DevelopmentTeam = 8NR723B3NZ;
						ProvisioningStyle = Automatic;
					};
				};
			};
			buildConfigurationList = 0DDF694A1DF91E5A0051C165 /* Build configuration list for PBXProject "Favorab" */;
			compatibilityVersion = "Xcode 3.2";
			developmentRegion = English;
			hasScannedForEncodings = 0;
			knownRegions = (
				en,
				Base,
			);
			mainGroup = 0DDF69461DF91E5A0051C165;
			productRefGroup = 0DDF69501DF91E5A0051C165 /* Products */;
			projectDirPath = "";
			projectRoot = "";
			targets = (
				0DDF694E1DF91E5A0051C165 /* Favorab */,
			);
		};
/* End PBXProject section */

/* Begin PBXResourcesBuildPhase section */
		0DDF694D1DF91E5A0051C165 /* Resources */ = {
			isa = PBXResourcesBuildPhase;
			buildActionMask = 2147483647;
			files = (
				0DDF695D1DF91E5A0051C165 /* LaunchScreen.storyboard in Resources */,
				0DDF695A1DF91E5A0051C165 /* Assets.xcassets in Resources */,
				0DDF69581DF91E5A0051C165 /* Main.storyboard in Resources */,
			);
			runOnlyForDeploymentPostprocessing = 0;
		};
/* End PBXResourcesBuildPhase section */

/* Begin PBXShellScriptBuildPhase section */
		0DDF696B1DF91FD40051C165 /* ShellScript */ = {
			isa = PBXShellScriptBuildPhase;
			buildActionMask = 8;
			files = (
			);
			inputPaths = (
			);
			outputPaths = (
			);
			runOnlyForDeploymentPostprocessing = 1;
			shellPath = /bin/sh;
			shellScript = "bash \"${BUILT_PRODUCTS_DIR}/${FRAMEWORKS_FOLDER_PATH}/Realm.framework/strip-frameworks.sh";
		};
/* End PBXShellScriptBuildPhase section */

/* Begin PBXSourcesBuildPhase section */
		0DDF694B1DF91E5A0051C165 /* Sources */ = {
			isa = PBXSourcesBuildPhase;
			buildActionMask = 2147483647;
			files = (
				0DC4A9C71DF9521900C84DC1 /* SiteTableViewCell.swift in Sources */,
				0DDF69551DF91E5A0051C165 /* ViewController.swift in Sources */,
				0DC4A9C51DF951C000C84DC1 /* FolderTableViewCell.swift in Sources */,
				0DDF69531DF91E5A0051C165 /* AppDelegate.swift in Sources */,
				0D3044D61DF922CE00874720 /* Site.swift in Sources */,
				0D3044D31DF922AE00874720 /* Folder.swift in Sources */,
			);
			runOnlyForDeploymentPostprocessing = 0;
		};
/* End PBXSourcesBuildPhase section */

/* Begin PBXVariantGroup section */
		0DDF69561DF91E5A0051C165 /* Main.storyboard */ = {
			isa = PBXVariantGroup;
			children = (
				0DDF69571DF91E5A0051C165 /* Base */,
			);
			name = Main.storyboard;
			sourceTree = "<group>";
		};
		0DDF695B1DF91E5A0051C165 /* LaunchScreen.storyboard */ = {
			isa = PBXVariantGroup;
			children = (
				0DDF695C1DF91E5A0051C165 /* Base */,
			);
			name = LaunchScreen.storyboard;
			sourceTree = "<group>";
		};
/* End PBXVariantGroup section */

/* Begin XCBuildConfiguration section */
		0DDF695F1DF91E5A0051C165 /* Debug */ = {
			isa = XCBuildConfiguration;
			buildSettings = {
				ALWAYS_SEARCH_USER_PATHS = NO;
				CLANG_ANALYZER_NONNULL = YES;
				CLANG_CXX_LANGUAGE_STANDARD = "gnu++0x";
				CLANG_CXX_LIBRARY = "libc++";
				CLANG_ENABLE_MODULES = YES;
				CLANG_ENABLE_OBJC_ARC = YES;
				CLANG_WARN_BOOL_CONVERSION = YES;
				CLANG_WARN_CONSTANT_CONVERSION = YES;
				CLANG_WARN_DIRECT_OBJC_ISA_USAGE = YES_ERROR;
				CLANG_WARN_DOCUMENTATION_COMMENTS = YES;
				CLANG_WARN_EMPTY_BODY = YES;
				CLANG_WARN_ENUM_CONVERSION = YES;
				CLANG_WARN_INFINITE_RECURSION = YES;
				CLANG_WARN_INT_CONVERSION = YES;
				CLANG_WARN_OBJC_ROOT_CLASS = YES_ERROR;
				CLANG_WARN_SUSPICIOUS_MOVES = YES;
				CLANG_WARN_UNREACHABLE_CODE = YES;
				CLANG_WARN__DUPLICATE_METHOD_MATCH = YES;
				"CODE_SIGN_IDENTITY[sdk=iphoneos*]" = "iPhone Developer";
				COPY_PHASE_STRIP = NO;
				DEBUG_INFORMATION_FORMAT = dwarf;
				ENABLE_STRICT_OBJC_MSGSEND = YES;
				ENABLE_TESTABILITY = YES;
				GCC_C_LANGUAGE_STANDARD = gnu99;
				GCC_DYNAMIC_NO_PIC = NO;
				GCC_NO_COMMON_BLOCKS = YES;
				GCC_OPTIMIZATION_LEVEL = 0;
				GCC_PREPROCESSOR_DEFINITIONS = (
					"DEBUG=1",
					"$(inherited)",
				);
				GCC_WARN_64_TO_32_BIT_CONVERSION = YES;
				GCC_WARN_ABOUT_RETURN_TYPE = YES_ERROR;
				GCC_WARN_UNDECLARED_SELECTOR = YES;
				GCC_WARN_UNINITIALIZED_AUTOS = YES_AGGRESSIVE;
				GCC_WARN_UNUSED_FUNCTION = YES;
				GCC_WARN_UNUSED_VARIABLE = YES;
				IPHONEOS_DEPLOYMENT_TARGET = 10.1;
				MTL_ENABLE_DEBUG_INFO = YES;
				ONLY_ACTIVE_ARCH = YES;
				SDKROOT = iphoneos;
				SWIFT_ACTIVE_COMPILATION_CONDITIONS = DEBUG;
				SWIFT_OPTIMIZATION_LEVEL = "-Onone";
				TARGETED_DEVICE_FAMILY = "1,2";
			};
			name = Debug;
		};
		0DDF69601DF91E5A0051C165 /* Release */ = {
			isa = XCBuildConfiguration;
			buildSettings = {
				ALWAYS_SEARCH_USER_PATHS = NO;
				CLANG_ANALYZER_NONNULL = YES;
				CLANG_CXX_LANGUAGE_STANDARD = "gnu++0x";
				CLANG_CXX_LIBRARY = "libc++";
				CLANG_ENABLE_MODULES = YES;
				CLANG_ENABLE_OBJC_ARC = YES;
				CLANG_WARN_BOOL_CONVERSION = YES;
				CLANG_WARN_CONSTANT_CONVERSION = YES;
				CLANG_WARN_DIRECT_OBJC_ISA_USAGE = YES_ERROR;
				CLANG_WARN_DOCUMENTATION_COMMENTS = YES;
				CLANG_WARN_EMPTY_BODY = YES;
				CLANG_WARN_ENUM_CONVERSION = YES;
				CLANG_WARN_INFINITE_RECURSION = YES;
				CLANG_WARN_INT_CONVERSION = YES;
				CLANG_WARN_OBJC_ROOT_CLASS = YES_ERROR;
				CLANG_WARN_SUSPICIOUS_MOVES = YES;
				CLANG_WARN_UNREACHABLE_CODE = YES;
				CLANG_WARN__DUPLICATE_METHOD_MATCH = YES;
				"CODE_SIGN_IDENTITY[sdk=iphoneos*]" = "iPhone Developer";
				COPY_PHASE_STRIP = NO;
				DEBUG_INFORMATION_FORMAT = "dwarf-with-dsym";
				ENABLE_NS_ASSERTIONS = NO;
				ENABLE_STRICT_OBJC_MSGSEND = YES;
				GCC_C_LANGUAGE_STANDARD = gnu99;
				GCC_NO_COMMON_BLOCKS = YES;
				GCC_WARN_64_TO_32_BIT_CONVERSION = YES;
				GCC_WARN_ABOUT_RETURN_TYPE = YES_ERROR;
				GCC_WARN_UNDECLARED_SELECTOR = YES;
				GCC_WARN_UNINITIALIZED_AUTOS = YES_AGGRESSIVE;
				GCC_WARN_UNUSED_FUNCTION = YES;
				GCC_WARN_UNUSED_VARIABLE = YES;
				IPHONEOS_DEPLOYMENT_TARGET = 10.1;
				MTL_ENABLE_DEBUG_INFO = NO;
				SDKROOT = iphoneos;
				SWIFT_OPTIMIZATION_LEVEL = "-Owholemodule";
				TARGETED_DEVICE_FAMILY = "1,2";
				VALIDATE_PRODUCT = YES;
			};
			name = Release;
		};
		0DDF69621DF91E5A0051C165 /* Debug */ = {
			isa = XCBuildConfiguration;
			buildSettings = {
				ASSETCATALOG_COMPILER_APPICON_NAME = AppIcon;
				DEVELOPMENT_TEAM = 8NR723B3NZ;
				FRAMEWORK_SEARCH_PATHS = (
					"$(inherited)",
					"$(PROJECT_DIR)",
				);
				INFOPLIST_FILE = Favorab/Info.plist;
				LD_RUNPATH_SEARCH_PATHS = "$(inherited) @executable_path/Frameworks";
				PRODUCT_BUNDLE_IDENTIFIER = com.na.Favorab;
				PRODUCT_NAME = "$(TARGET_NAME)";
				SWIFT_VERSION = 3.0;
			};
			name = Debug;
		};
		0DDF69631DF91E5A0051C165 /* Release */ = {
			isa = XCBuildConfiguration;
			buildSettings = {
				ASSETCATALOG_COMPILER_APPICON_NAME = AppIcon;
				DEVELOPMENT_TEAM = 8NR723B3NZ;
				FRAMEWORK_SEARCH_PATHS = (
					"$(inherited)",
					"$(PROJECT_DIR)",
				);
				INFOPLIST_FILE = Favorab/Info.plist;
				LD_RUNPATH_SEARCH_PATHS = "$(inherited) @executable_path/Frameworks";
				PRODUCT_BUNDLE_IDENTIFIER = com.na.Favorab;
				PRODUCT_NAME = "$(TARGET_NAME)";
				SWIFT_VERSION = 3.0;
			};
			name = Release;
		};
/* End XCBuildConfiguration section */

/* Begin XCConfigurationList section */
		0DDF694A1DF91E5A0051C165 /* Build configuration list for PBXProject "Favorab" */ = {
			isa = XCConfigurationList;
			buildConfigurations = (
				0DDF695F1DF91E5A0051C165 /* Debug */,
				0DDF69601DF91E5A0051C165 /* Release */,
			);
			defaultConfigurationIsVisible = 0;
			defaultConfigurationName = Release;
		};
		0DDF69611DF91E5A0051C165 /* Build configuration list for PBXNativeTarget "Favorab" */ = {
			isa = XCConfigurationList;
			buildConfigurations = (
				0DDF69621DF91E5A0051C165 /* Debug */,
				0DDF69631DF91E5A0051C165 /* Release */,
			);
			defaultConfigurationIsVisible = 0;
			defaultConfigurationName = Release;
		};
/* End XCConfigurationList section */
	};
	rootObject = 0DDF69471DF91E5A0051C165 /* Project object */;
}
