// !$*UTF8*$!
{
	archiveVersion = 1;
	classes = {
	};
	objectVersion = 46;
	objects = {

/* Begin PBXBuildFile section */
		0D3AD5F71DC624B0000B68EF /* Sicilian_Breeze.mp3 in Resources */ = {isa = PBXBuildFile; fileRef = 0D3AD5F61DC624B0000B68EF /* Sicilian_Breeze.mp3 */; };
		0D3AD5FC1DC70CC0000B68EF /* pause.png in Resources */ = {isa = PBXBuildFile; fileRef = 0D3AD5F81DC70CC0000B68EF /* pause.png */; };
		0D3AD5FD1DC70CC0000B68EF /* play.png in Resources */ = {isa = PBXBuildFile; fileRef = 0D3AD5F91DC70CC0000B68EF /* play.png */; };
		0D3AD5FE1DC70CC0000B68EF /* record.png in Resources */ = {isa = PBXBuildFile; fileRef = 0D3AD5FA1DC70CC0000B68EF /* record.png */; };
		0D3AD5FF1DC70CC0000B68EF /* stop.png in Resources */ = {isa = PBXBuildFile; fileRef = 0D3AD5FB1DC70CC0000B68EF /* stop.png */; };
		0D8FA2101DC5CBA30033817F /* AppDelegate.swift in Sources */ = {isa = PBXBuildFile; fileRef = 0D8FA20F1DC5CBA30033817F /* AppDelegate.swift */; };
		0D8FA2121DC5CBA30033817F /* ViewController.swift in Sources */ = {isa = PBXBuildFile; fileRef = 0D8FA2111DC5CBA30033817F /* ViewController.swift */; };
		0D8FA2151DC5CBA30033817F /* Main.storyboard in Resources */ = {isa = PBXBuildFile; fileRef = 0D8FA2131DC5CBA30033817F /* Main.storyboard */; };
		0D8FA2171DC5CBA30033817F /* Assets.xcassets in Resources */ = {isa = PBXBuildFile; fileRef = 0D8FA2161DC5CBA30033817F /* Assets.xcassets */; };
		0D8FA21A1DC5CBA30033817F /* LaunchScreen.storyboard in Resources */ = {isa = PBXBuildFile; fileRef = 0D8FA2181DC5CBA30033817F /* LaunchScreen.storyboard */; };
/* End PBXBuildFile section */

/* Begin PBXFileReference section */
		0D3AD5F61DC624B0000B68EF /* Sicilian_Breeze.mp3 */ = {isa = PBXFileReference; lastKnownFileType = audio.mp3; path = Sicilian_Breeze.mp3; sourceTree = "<group>"; };
		0D3AD5F81DC70CC0000B68EF /* pause.png */ = {isa = PBXFileReference; lastKnownFileType = image.png; path = pause.png; sourceTree = "<group>"; };
		0D3AD5F91DC70CC0000B68EF /* play.png */ = {isa = PBXFileReference; lastKnownFileType = image.png; path = play.png; sourceTree = "<group>"; };
		0D3AD5FA1DC70CC0000B68EF /* record.png */ = {isa = PBXFileReference; lastKnownFileType = image.png; path = record.png; sourceTree = "<group>"; };
		0D3AD5FB1DC70CC0000B68EF /* stop.png */ = {isa = PBXFileReference; lastKnownFileType = image.png; path = stop.png; sourceTree = "<group>"; };
		0D8FA20C1DC5CBA30033817F /* Audio.app */ = {isa = PBXFileReference; explicitFileType = wrapper.application; includeInIndex = 0; path = Audio.app; sourceTree = BUILT_PRODUCTS_DIR; };
		0D8FA20F1DC5CBA30033817F /* AppDelegate.swift */ = {isa = PBXFileReference; lastKnownFileType = sourcecode.swift; path = AppDelegate.swift; sourceTree = "<group>"; };
		0D8FA2111DC5CBA30033817F /* ViewController.swift */ = {isa = PBXFileReference; lastKnownFileType = sourcecode.swift; path = ViewController.swift; sourceTree = "<group>"; };
		0D8FA2141DC5CBA30033817F /* Base */ = {isa = PBXFileReference; lastKnownFileType = file.storyboard; name = Base; path = Base.lproj/Main.storyboard; sourceTree = "<group>"; };
		0D8FA2161DC5CBA30033817F /* Assets.xcassets */ = {isa = PBXFileReference; lastKnownFileType = folder.assetcatalog; path = Assets.xcassets; sourceTree = "<group>"; };
		0D8FA2191DC5CBA30033817F /* Base */ = {isa = PBXFileReference; lastKnownFileType = file.storyboard; name = Base; path = Base.lproj/LaunchScreen.storyboard; sourceTree = "<group>"; };
		0D8FA21B1DC5CBA30033817F /* Info.plist */ = {isa = PBXFileReference; lastKnownFileType = text.plist.xml; path = Info.plist; sourceTree = "<group>"; };
/* End PBXFileReference section */

/* Begin PBXFrameworksBuildPhase section */
		0D8FA2091DC5CBA30033817F /* Frameworks */ = {
			isa = PBXFrameworksBuildPhase;
			buildActionMask = 2147483647;
			files = (
			);
			runOnlyForDeploymentPostprocessing = 0;
		};
/* End PBXFrameworksBuildPhase section */

/* Begin PBXGroup section */
		0D8FA2031DC5CBA30033817F = {
			isa = PBXGroup;
			children = (
				0D8FA20E1DC5CBA30033817F /* Audio */,
				0D8FA20D1DC5CBA30033817F /* Products */,
			);
			sourceTree = "<group>";
		};
		0D8FA20D1DC5CBA30033817F /* Products */ = {
			isa = PBXGroup;
			children = (
				0D8FA20C1DC5CBA30033817F /* Audio.app */,
			);
			name = Products;
			sourceTree = "<group>";
		};
		0D8FA20E1DC5CBA30033817F /* Audio */ = {
			isa = PBXGroup;
			children = (
				0D3AD5F81DC70CC0000B68EF /* pause.png */,
				0D3AD5F91DC70CC0000B68EF /* play.png */,
				0D3AD5FA1DC70CC0000B68EF /* record.png */,
				0D3AD5FB1DC70CC0000B68EF /* stop.png */,
				0D3AD5F61DC624B0000B68EF /* Sicilian_Breeze.mp3 */,
				0D8FA20F1DC5CBA30033817F /* AppDelegate.swift */,
				0D8FA2111DC5CBA30033817F /* ViewController.swift */,
				0D8FA2131DC5CBA30033817F /* Main.storyboard */,
				0D8FA2161DC5CBA30033817F /* Assets.xcassets */,
				0D8FA2181DC5CBA30033817F /* LaunchScreen.storyboard */,
				0D8FA21B1DC5CBA30033817F /* Info.plist */,
			);
			path = Audio;
			sourceTree = "<group>";
		};
/* End PBXGroup section */

/* Begin PBXNativeTarget section */
		0D8FA20B1DC5CBA30033817F /* Audio */ = {
			isa = PBXNativeTarget;
			buildConfigurationList = 0D8FA21E1DC5CBA30033817F /* Build configuration list for PBXNativeTarget "Audio" */;
			buildPhases = (
				0D8FA2081DC5CBA30033817F /* Sources */,
				0D8FA2091DC5CBA30033817F /* Frameworks */,
				0D8FA20A1DC5CBA30033817F /* Resources */,
			);
			buildRules = (
			);
			dependencies = (
			);
			name = Audio;
			productName = Audio;
			productReference = 0D8FA20C1DC5CBA30033817F /* Audio.app */;
			productType = "com.apple.product-type.application";
		};
/* End PBXNativeTarget section */

/* Begin PBXProject section */
		0D8FA2041DC5CBA30033817F /* Project object */ = {
			isa = PBXProject;
			attributes = {
				LastSwiftUpdateCheck = 0810;
				LastUpgradeCheck = 0810;
				ORGANIZATIONNAME = HSJ;
				TargetAttributes = {
					0D8FA20B1DC5CBA30033817F = {
						CreatedOnToolsVersion = 8.1;
						DevelopmentTeam = 8NR723B3NZ;
						ProvisioningStyle = Automatic;
					};
				};
			};
			buildConfigurationList = 0D8FA2071DC5CBA30033817F /* Build configuration list for PBXProject "Audio" */;
			compatibilityVersion = "Xcode 3.2";
			developmentRegion = English;
			hasScannedForEncodings = 0;
			knownRegions = (
				en,
				Base,
			);
			mainGroup = 0D8FA2031DC5CBA30033817F;
			productRefGroup = 0D8FA20D1DC5CBA30033817F /* Products */;
			projectDirPath = "";
			projectRoot = "";
			targets = (
				0D8FA20B1DC5CBA30033817F /* Audio */,
			);
		};
/* End PBXProject section */

/* Begin PBXResourcesBuildPhase section */
		0D8FA20A1DC5CBA30033817F /* Resources */ = {
			isa = PBXResourcesBuildPhase;
			buildActionMask = 2147483647;
			files = (
				0D8FA21A1DC5CBA30033817F /* LaunchScreen.storyboard in Resources */,
				0D3AD5FF1DC70CC0000B68EF /* stop.png in Resources */,
				0D3AD5F71DC624B0000B68EF /* Sicilian_Breeze.mp3 in Resources */,
				0D3AD5FE1DC70CC0000B68EF /* record.png in Resources */,
				0D3AD5FC1DC70CC0000B68EF /* pause.png in Resources */,
				0D8FA2171DC5CBA30033817F /* Assets.xcassets in Resources */,
				0D8FA2151DC5CBA30033817F /* Main.storyboard in Resources */,
				0D3AD5FD1DC70CC0000B68EF /* play.png in Resources */,
			);
			runOnlyForDeploymentPostprocessing = 0;
		};
/* End PBXResourcesBuildPhase section */

/* Begin PBXSourcesBuildPhase section */
		0D8FA2081DC5CBA30033817F /* Sources */ = {
			isa = PBXSourcesBuildPhase;
			buildActionMask = 2147483647;
			files = (
				0D8FA2121DC5CBA30033817F /* ViewController.swift in Sources */,
				0D8FA2101DC5CBA30033817F /* AppDelegate.swift in Sources */,
			);
			runOnlyForDeploymentPostprocessing = 0;
		};
/* End PBXSourcesBuildPhase section */

/* Begin PBXVariantGroup section */
		0D8FA2131DC5CBA30033817F /* Main.storyboard */ = {
			isa = PBXVariantGroup;
			children = (
				0D8FA2141DC5CBA30033817F /* Base */,
			);
			name = Main.storyboard;
			sourceTree = "<group>";
		};
		0D8FA2181DC5CBA30033817F /* LaunchScreen.storyboard */ = {
			isa = PBXVariantGroup;
			children = (
				0D8FA2191DC5CBA30033817F /* Base */,
			);
			name = LaunchScreen.storyboard;
			sourceTree = "<group>";
		};
/* End PBXVariantGroup section */

/* Begin XCBuildConfiguration section */
		0D8FA21C1DC5CBA30033817F /* Debug */ = {
			isa = XCBuildConfiguration;
			buildSettings = {
				ALWAYS_SEARCH_USER_PATHS = NO;
				CLANG_ANALYZER_NONNULL = YES;
				CLANG_CXX_LANGUAGE_STANDARD = "gnu++0x";
				CLANG_CXX_LIBRARY = "libc++";
				CLANG_ENABLE_MODULES = YES;
				CLANG_ENABLE_OBJC_ARC = YES;
				CLANG_WARN_BOOL_CONVERSION = YES;
				CLANG_WARN_CONSTANT_CONVERSION = YES;
				CLANG_WARN_DIRECT_OBJC_ISA_USAGE = YES_ERROR;
				CLANG_WARN_DOCUMENTATION_COMMENTS = YES;
				CLANG_WARN_EMPTY_BODY = YES;
				CLANG_WARN_ENUM_CONVERSION = YES;
				CLANG_WARN_INFINITE_RECURSION = YES;
				CLANG_WARN_INT_CONVERSION = YES;
				CLANG_WARN_OBJC_ROOT_CLASS = YES_ERROR;
				CLANG_WARN_SUSPICIOUS_MOVES = YES;
				CLANG_WARN_UNREACHABLE_CODE = YES;
				CLANG_WARN__DUPLICATE_METHOD_MATCH = YES;
				"CODE_SIGN_IDENTITY[sdk=iphoneos*]" = "iPhone Developer";
				COPY_PHASE_STRIP = NO;
				DEBUG_INFORMATION_FORMAT = dwarf;
				ENABLE_STRICT_OBJC_MSGSEND = YES;
				ENABLE_TESTABILITY = YES;
				GCC_C_LANGUAGE_STANDARD = gnu99;
				GCC_DYNAMIC_NO_PIC = NO;
				GCC_NO_COMMON_BLOCKS = YES;
				GCC_OPTIMIZATION_LEVEL = 0;
				GCC_PREPROCESSOR_DEFINITIONS = (
					"DEBUG=1",
					"$(inherited)",
				);
				GCC_WARN_64_TO_32_BIT_CONVERSION = YES;
				GCC_WARN_ABOUT_RETURN_TYPE = YES_ERROR;
				GCC_WARN_UNDECLARED_SELECTOR = YES;
				GCC_WARN_UNINITIALIZED_AUTOS = YES_AGGRESSIVE;
				GCC_WARN_UNUSED_FUNCTION = YES;
				GCC_WARN_UNUSED_VARIABLE = YES;
				IPHONEOS_DEPLOYMENT_TARGET = 10.1;
				MTL_ENABLE_DEBUG_INFO = YES;
				ONLY_ACTIVE_ARCH = YES;
				SDKROOT = iphoneos;
				SWIFT_ACTIVE_COMPILATION_CONDITIONS = DEBUG;
				SWIFT_OPTIMIZATION_LEVEL = "-Onone";
				TARGETED_DEVICE_FAMILY = "1,2";
			};
			name = Debug;
		};
		0D8FA21D1DC5CBA30033817F /* Release */ = {
			isa = XCBuildConfiguration;
			buildSettings = {
				ALWAYS_SEARCH_USER_PATHS = NO;
				CLANG_ANALYZER_NONNULL = YES;
				CLANG_CXX_LANGUAGE_STANDARD = "gnu++0x";
				CLANG_CXX_LIBRARY = "libc++";
				CLANG_ENABLE_MODULES = YES;
				CLANG_ENABLE_OBJC_ARC = YES;
				CLANG_WARN_BOOL_CONVERSION = YES;
				CLANG_WARN_CONSTANT_CONVERSION = YES;
				CLANG_WARN_DIRECT_OBJC_ISA_USAGE = YES_ERROR;
				CLANG_WARN_DOCUMENTATION_COMMENTS = YES;
				CLANG_WARN_EMPTY_BODY = YES;
				CLANG_WARN_ENUM_CONVERSION = YES;
				CLANG_WARN_INFINITE_RECURSION = YES;
				CLANG_WARN_INT_CONVERSION = YES;
				CLANG_WARN_OBJC_ROOT_CLASS = YES_ERROR;
				CLANG_WARN_SUSPICIOUS_MOVES = YES;
				CLANG_WARN_UNREACHABLE_CODE = YES;
				CLANG_WARN__DUPLICATE_METHOD_MATCH = YES;
				"CODE_SIGN_IDENTITY[sdk=iphoneos*]" = "iPhone Developer";
				COPY_PHASE_STRIP = NO;
				DEBUG_INFORMATION_FORMAT = "dwarf-with-dsym";
				ENABLE_NS_ASSERTIONS = NO;
				ENABLE_STRICT_OBJC_MSGSEND = YES;
				GCC_C_LANGUAGE_STANDARD = gnu99;
				GCC_NO_COMMON_BLOCKS = YES;
				GCC_WARN_64_TO_32_BIT_CONVERSION = YES;
				GCC_WARN_ABOUT_RETURN_TYPE = YES_ERROR;
				GCC_WARN_UNDECLARED_SELECTOR = YES;
				GCC_WARN_UNINITIALIZED_AUTOS = YES_AGGRESSIVE;
				GCC_WARN_UNUSED_FUNCTION = YES;
				GCC_WARN_UNUSED_VARIABLE = YES;
				IPHONEOS_DEPLOYMENT_TARGET = 10.1;
				MTL_ENABLE_DEBUG_INFO = NO;
				SDKROOT = iphoneos;
				SWIFT_OPTIMIZATION_LEVEL = "-Owholemodule";
				TARGETED_DEVICE_FAMILY = "1,2";
				VALIDATE_PRODUCT = YES;
			};
			name = Release;
		};
		0D8FA21F1DC5CBA30033817F /* Debug */ = {
			isa = XCBuildConfiguration;
			buildSettings = {
				ASSETCATALOG_COMPILER_APPICON_NAME = AppIcon;
				DEVELOPMENT_TEAM = 8NR723B3NZ;
				INFOPLIST_FILE = Audio/Info.plist;
				LD_RUNPATH_SEARCH_PATHS = "$(inherited) @executable_path/Frameworks";
				PRODUCT_BUNDLE_IDENTIFIER = com.na.Audio;
				PRODUCT_NAME = "$(TARGET_NAME)";
				SWIFT_VERSION = 3.0;
			};
			name = Debug;
		};
		0D8FA2201DC5CBA30033817F /* Release */ = {
			isa = XCBuildConfiguration;
			buildSettings = {
				ASSETCATALOG_COMPILER_APPICON_NAME = AppIcon;
				DEVELOPMENT_TEAM = 8NR723B3NZ;
				INFOPLIST_FILE = Audio/Info.plist;
				LD_RUNPATH_SEARCH_PATHS = "$(inherited) @executable_path/Frameworks";
				PRODUCT_BUNDLE_IDENTIFIER = com.na.Audio;
				PRODUCT_NAME = "$(TARGET_NAME)";
				SWIFT_VERSION = 3.0;
			};
			name = Release;
		};
/* End XCBuildConfiguration section */

/* Begin XCConfigurationList section */
		0D8FA2071DC5CBA30033817F /* Build configuration list for PBXProject "Audio" */ = {
			isa = XCConfigurationList;
			buildConfigurations = (
				0D8FA21C1DC5CBA30033817F /* Debug */,
				0D8FA21D1DC5CBA30033817F /* Release */,
			);
			defaultConfigurationIsVisible = 0;
			defaultConfigurationName = Release;
		};
		0D8FA21E1DC5CBA30033817F /* Build configuration list for PBXNativeTarget "Audio" */ = {
			isa = XCConfigurationList;
			buildConfigurations = (
				0D8FA21F1DC5CBA30033817F /* Debug */,
				0D8FA2201DC5CBA30033817F /* Release */,
			);
			defaultConfigurationIsVisible = 0;
			defaultConfigurationName = Release;
		};
/* End XCConfigurationList section */
	};
	rootObject = 0D8FA2041DC5CBA30033817F /* Project object */;
}
